
Microsoft Visual Studio Solution File, Format Version 12.00
# Visual Studio Version 17
VisualStudioVersion = 17.4.33103.184
MinimumVisualStudioVersion = 10.0.40219.1
Project("{FAE04EC0-301F-11D3-BF4B-00C04F79EFBC}") = "BooruDatasetGatherer", "BooruDatasetGatherer\BooruDatasetGatherer.csproj", "{B7401CC5-84CA-438E-90DE-24BD03A18823}"
EndProject
Global
	GlobalSection(SolutionConfigurationPlatforms) = preSolution
		Debug|Any CPU = Debug|Any CPU
		Release|Any CPU = Release|Any CPU
	EndGlobalSection
	GlobalSection(ProjectConfigurationPlatforms) = postSolution
		{B7401CC5-84CA-438E-90DE-24BD03A18823}.Debug|Any CPU.ActiveCfg = Debug|Any CPU
		{B7401CC5-84CA-438E-90DE-24BD03A18823}.Debug|Any CPU.Build.0 = Debug|Any CPU
		{B7401CC5-84CA-438E-90DE-24BD03A18823}.Release|Any CPU.ActiveCfg = Release|Any CPU
		{B7401CC5-84CA-438E-90DE-24BD03A18823}.Release|Any CPU.Build.0 = Release|Any CPU
	EndGlobalSection
	GlobalSection(SolutionProperties) = preSolution
		HideSolutionNode = FALSE
	EndGlobalSection
	GlobalSection(ExtensibilityGlobals) = postSolution
		SolutionGuid = {9D782D13-0114-4D79-B261-F0A5B5634393}
	EndGlobalSection
EndGlobal
